<?xml version="1.0" encoding="UTF-8" standalone="yes" ?>
<CodeBlocks_project_file>
	<FileVersion major="1" minor="6" />
	<Project>
		<Option title="kociembaCubeSolver" />
		<Option pch_mode="2" />
		<Option compiler="gcc" />
		<Build>
			<Target title="default">
				<Option output="kociembaRubikSolverLinux" prefix_auto="1" extension_auto="1" />
				<Option type="0" />
				<Option compiler="gcc" />
			</Target>
		</Build>
		<Unit filename="ARDUINOSERIAL.CPP">
			<Option compilerVar="CC" />
		</Unit>
		<Unit filename="ARDUINOSERIAL.H" />
		<Unit filename="COMBINAT.CPP" />
		<Unit filename="COMBINAT.H" />
		<Unit filename="CUBE.CPP" />
		<Unit filename="CUBE.H" />
		<Unit filename="CUBEPARS.CPP" />
		<Unit filename="CUBEPARS.H" />
		<Unit filename="Choice.mtb" />
		<Unit filename="CrnrPerm.mtb" />
		<Unit filename="CrnrSlic.ptb" />
		<Unit filename="EdgePerm.mtb" />
		<Unit filename="EdgeSlic.ptb" />
		<Unit filename="FACECUBE.CPP" />
		<Unit filename="FACECUBE.H" />
		<Unit filename="Flip.mtb" />
		<Unit filename="FlipChce.ptb" />
		<Unit filename="KCUBE.CPP" />
		<Unit filename="KOCICUBE.CPP" />
		<Unit filename="KOCICUBE.H" />
		<Unit filename="KOCIMOVT.H" />
		<Unit filename="KociembaRubikSolver.cpp" />
		<Unit filename="KociembaRubikSolver.vcxproj" />
		<Unit filename="KociembaRubikSolver.vcxproj.filters" />
		<Unit filename="KociembaRubikSolver.vcxproj.user" />
		<Unit filename="MOVETABL.CPP" />
		<Unit filename="MOVETABL.H" />
		<Unit filename="PRUNINGT.CPP" />
		<Unit filename="PRUNINGT.H" />
		<Unit filename="ReadMe.txt" />
		<Unit filename="SOLVER.CPP" />
		<Unit filename="SOLVER.H" />
		<Unit filename="SlicPerm.mtb" />
		<Unit filename="Twist.mtb" />
		<Unit filename="TwstChce.ptb" />
		<Unit filename="TwstFlip.ptb" />
		<Unit filename="VECTOR.CPP" />
		<Unit filename="VECTOR.H" />
		<Unit filename="kociembaRubikSolverLinux" />
		<Unit filename="kociembaRubikSolverLinux.cbp" />
		<Unit filename="kociembaRubikSolverLinux.depend" />
		<Unit filename="stdafx.cpp" />
		<Unit filename="stdafx.h" />
		<Unit filename="targetver.h" />
		<Extensions>
			<code_completion />
			<debugger />
			<envvars />
		</Extensions>
	</Project>
</CodeBlocks_project_file>
