<?xml version="1.0" encoding="utf-8"?>
<Project ToolsVersion="4.0" xmlns="http://schemas.microsoft.com/developer/msbuild/2003">
  <ItemGroup>
    <Filter Include="Source Files">
      <UniqueIdentifier>{4FC737F1-C7A5-4376-A066-2A32D752A2FF}</UniqueIdentifier>
      <Extensions>cpp;c;cc;cxx;def;odl;idl;hpj;bat;asm;asmx</Extensions>
    </Filter>
    <Filter Include="Header Files">
      <UniqueIdentifier>{93995380-89BD-4b04-88EB-625FBE52EBFB}</UniqueIdentifier>
      <Extensions>h;hpp;hxx;hm;inl;inc;xsd</Extensions>
    </Filter>
    <Filter Include="Resource Files">
      <UniqueIdentifier>{67DA6AB6-F800-4c08-8B7A-83BB121AAD01}</UniqueIdentifier>
      <Extensions>rc;ico;cur;bmp;dlg;rc2;rct;bin;rgs;gif;jpg;jpeg;jpe;resx;tiff;tif;png;wav;mfcribbon-ms</Extensions>
    </Filter>
  </ItemGroup>
  <ItemGroup>
    <None Include="ReadMe.txt" />
  </ItemGroup>
  <ItemGroup>
    <ClInclude Include="stdafx.h">
      <Filter>Header Files</Filter>
    </ClInclude>
    <ClInclude Include="targetver.h">
      <Filter>Header Files</Filter>
    </ClInclude>
    <ClInclude Include="COMBINAT.H">
      <Filter>Header Files</Filter>
    </ClInclude>
    <ClInclude Include="CUBE.H">
      <Filter>Header Files</Filter>
    </ClInclude>
    <ClInclude Include="CUBEPARS.H">
      <Filter>Header Files</Filter>
    </ClInclude>
    <ClInclude Include="FACECUBE.H">
      <Filter>Header Files</Filter>
    </ClInclude>
    <ClInclude Include="KOCICUBE.H">
      <Filter>Header Files</Filter>
    </ClInclude>
    <ClInclude Include="KOCIMOVT.H">
      <Filter>Header Files</Filter>
    </ClInclude>
    <ClInclude Include="MOVETABL.H">
      <Filter>Header Files</Filter>
    </ClInclude>
    <ClInclude Include="PRUNINGT.H">
      <Filter>Header Files</Filter>
    </ClInclude>
    <ClInclude Include="SOLVER.H">
      <Filter>Header Files</Filter>
    </ClInclude>
    <ClInclude Include="VECTOR.H">
      <Filter>Header Files</Filter>
    </ClInclude>
  </ItemGroup>
  <ItemGroup>
    <ClCompile Include="stdafx.cpp">
      <Filter>Source Files</Filter>
    </ClCompile>
    <ClCompile Include="COMBINAT.CPP">
      <Filter>Source Files</Filter>
    </ClCompile>
    <ClCompile Include="CUBE.CPP">
      <Filter>Source Files</Filter>
    </ClCompile>
    <ClCompile Include="CUBEPARS.CPP">
      <Filter>Source Files</Filter>
    </ClCompile>
    <ClCompile Include="FACECUBE.CPP">
      <Filter>Source Files</Filter>
    </ClCompile>
    <ClCompile Include="KCUBE.CPP">
      <Filter>Source Files</Filter>
    </ClCompile>
    <ClCompile Include="KOCICUBE.CPP">
      <Filter>Source Files</Filter>
    </ClCompile>
    <ClCompile Include="MOVETABL.CPP">
      <Filter>Source Files</Filter>
    </ClCompile>
    <ClCompile Include="PRUNINGT.CPP">
      <Filter>Source Files</Filter>
    </ClCompile>
    <ClCompile Include="SOLVER.CPP">
      <Filter>Source Files</Filter>
    </ClCompile>
    <ClCompile Include="VECTOR.CPP">
      <Filter>Source Files</Filter>
    </ClCompile>
  </ItemGroup>
</Project>